
Microsoft Visual Studio Solution File, Format Version 12.00
# Visual Studio Version 16
VisualStudioVersion = 16.0.810.7
MinimumVisualStudioVersion = 10.0.40219.1
Project("{9A19103F-16F7-4668-BE54-9A1E7A4F7556}") = "AcmeOrder.Api", "AcmeOrder.Api\AcmeOrder.Api.csproj", "{2EC032C7-A4B0-4495-8C3B-022290D28B8E}"
EndProject
Project("{9A19103F-16F7-4668-BE54-9A1E7A4F7556}") = "AcmeOrder.Web", "AcmeOrder.Web\AcmeOrder.Web.csproj", "{DC675E1E-80B2-4E71-ACA0-AD9E499D3C6D}"
EndProject
Project("{FAE04EC0-301F-11D3-BF4B-00C04F79EFBC}") = "AcmeOrder.Api.Tests", "AcmeOrder.Api.Tests\AcmeOrder.Api.Tests.csproj", "{7C4BF912-6223-4A89-BBFD-70C2EED8380A}"
EndProject
Global
	GlobalSection(SolutionConfigurationPlatforms) = preSolution
		Debug|Any CPU = Debug|Any CPU
		Release|Any CPU = Release|Any CPU
	EndGlobalSection
	GlobalSection(ProjectConfigurationPlatforms) = postSolution
		{2EC032C7-A4B0-4495-8C3B-022290D28B8E}.Debug|Any CPU.ActiveCfg = Debug|Any CPU
		{2EC032C7-A4B0-4495-8C3B-022290D28B8E}.Debug|Any CPU.Build.0 = Debug|Any CPU
		{2EC032C7-A4B0-4495-8C3B-022290D28B8E}.Release|Any CPU.ActiveCfg = Release|Any CPU
		{2EC032C7-A4B0-4495-8C3B-022290D28B8E}.Release|Any CPU.Build.0 = Release|Any CPU
		{DC675E1E-80B2-4E71-ACA0-AD9E499D3C6D}.Debug|Any CPU.ActiveCfg = Debug|Any CPU
		{DC675E1E-80B2-4E71-ACA0-AD9E499D3C6D}.Debug|Any CPU.Build.0 = Debug|Any CPU
		{DC675E1E-80B2-4E71-ACA0-AD9E499D3C6D}.Release|Any CPU.ActiveCfg = Release|Any CPU
		{DC675E1E-80B2-4E71-ACA0-AD9E499D3C6D}.Release|Any CPU.Build.0 = Release|Any CPU
		{7C4BF912-6223-4A89-BBFD-70C2EED8380A}.Debug|Any CPU.ActiveCfg = Debug|Any CPU
		{7C4BF912-6223-4A89-BBFD-70C2EED8380A}.Debug|Any CPU.Build.0 = Debug|Any CPU
		{7C4BF912-6223-4A89-BBFD-70C2EED8380A}.Release|Any CPU.ActiveCfg = Release|Any CPU
		{7C4BF912-6223-4A89-BBFD-70C2EED8380A}.Release|Any CPU.Build.0 = Release|Any CPU
	EndGlobalSection
	GlobalSection(SolutionProperties) = preSolution
		HideSolutionNode = FALSE
	EndGlobalSection
	GlobalSection(ExtensibilityGlobals) = postSolution
		SolutionGuid = {D1DD31BB-0707-4277-8D06-F8D148908BAF}
	EndGlobalSection
EndGlobal
